{
    "_readme": [
        "This file locks the dependencies of your project to a known state",
        "Read more about it at http://getcomposer.org/doc/01-basic-usage.md#composer-lock-the-lock-file",
        "This file is @generated automatically"
    ],
    "hash": "521cc0b93aea2e621fa95006e06eb55f",
    "packages": [
        {
            "name": "entomb/slim-json-api",
            "version": "1.1.0",
            "source": {
                "type": "git",
                "url": "https://github.com/entomb/slim-json-api.git",
                "reference": "1d4531499a42af085157796e41afdb0415eceff6"
            },
            "dist": {
                "type": "zip",
                "url": "https://api.github.com/repos/entomb/slim-json-api/zipball/1d4531499a42af085157796e41afdb0415eceff6",
                "reference": "1d4531499a42af085157796e41afdb0415eceff6",
                "shasum": ""
            },
            "require": {
                "php": ">=5.3.0"
            },
            "type": "library",
            "autoload": {
                "classmap": [
                    "jsonAPI/"
                ]
            },
            "notification-url": "https://packagist.org/downloads/",
            "license": [
                "GPL 3.0"
            ],
            "authors": [
                {
                    "name": "Jonathan Tavares",
                    "email": "the.entomb@gmail.com",
                    "homepage": "https://github.com/entomb",
                    "role": "Developer"
                }
            ],
            "description": "Slim extension to implement fast JSON API's",
            "homepage": "https://github.com/entomb/slim-json-api",
            "keywords": [
                "api",
                "json",
                "middleware",
                "slim",
                "view"
            ],
            "time": "2014-08-25 12:39:35"
        },
        {
            "name": "joelalejandro/medoo-transactional",
            "version": "v0.9.6.2",
            "source": {
                "type": "git",
                "url": "https://github.com/joelalejandro/Medoo-Transactional.git",
                "reference": "e489311409b18b06614d52a225d785419562de5d"
            },
            "dist": {
                "type": "zip",
                "url": "https://api.github.com/repos/joelalejandro/Medoo-Transactional/zipball/e489311409b18b06614d52a225d785419562de5d",
                "reference": "e489311409b18b06614d52a225d785419562de5d",
                "shasum": ""
            },
            "require": {
                "ext-pdo": "*",
                "php": ">=5.1"
            },
            "suggest": {
                "ext-pdo-mysql": "For MySQL or MariaDB databases",
                "ext-pdo-pqsql": "For PostgreSQL databases",
                "ext-pdo-sqlite": "For SQLite databases",
                "ext-pdo_dblib": "For MSSQL databases on Liunx/UNIX platform",
                "ext-pdo_sqlsrv": "For MSSQL databases on Windows platform"
            },
            "type": "framework",
            "autoload": {
                "files": [
                    "medoo.php"
                ]
            },
            "notification-url": "https://packagist.org/downloads/",
            "license": [
                "MIT"
            ],
            "authors": [
                {
                    "name": "Angel Lai",
                    "email": "angel.lai.cat@gmail.com"
                }
            ],
            "description": "The Lightest PHP database framework to accelerate development",
            "homepage": "http://medoo.in",
            "keywords": [
                "database",
                "mssql",
                "mysql",
                "sql",
                "sqlite"
            ],
            "time": "2014-08-15 12:29:42"
        }
    ],
    "packages-dev": [],
    "aliases": [],
    "minimum-stability": "stable",
    "stability-flags": [],
    "prefer-stable": false,
    "platform": [],
    "platform-dev": []
}
